
Microsoft Visual Studio Solution File, Format Version 12.00
# Visual Studio Version 17
VisualStudioVersion = 17.14.36414.22
MinimumVisualStudioVersion = 10.0.40219.1
Project("{FAE04EC0-301F-11D3-BF4B-00C04F79EFBC}") = "WebFormStepWiseLearning", "WebFormStepWiseLearning.csproj", "{71F65236-EC02-4F3B-A1E5-487C1E5FF230}"
EndProject
Global
	GlobalSection(SolutionConfigurationPlatforms) = preSolution
		Debug|Any CPU = Debug|Any CPU
		Release|Any CPU = Release|Any CPU
	EndGlobalSection
	GlobalSection(ProjectConfigurationPlatforms) = postSolution
		{71F65236-EC02-4F3B-A1E5-487C1E5FF230}.Debug|Any CPU.ActiveCfg = Debug|Any CPU
		{71F65236-EC02-4F3B-A1E5-487C1E5FF230}.Debug|Any CPU.Build.0 = Debug|Any CPU
		{71F65236-EC02-4F3B-A1E5-487C1E5FF230}.Release|Any CPU.ActiveCfg = Release|Any CPU
		{71F65236-EC02-4F3B-A1E5-487C1E5FF230}.Release|Any CPU.Build.0 = Release|Any CPU
	EndGlobalSection
	GlobalSection(SolutionProperties) = preSolution
		HideSolutionNode = FALSE
	EndGlobalSection
	GlobalSection(ExtensibilityGlobals) = postSolution
		SolutionGuid = {639FD29E-6AB5-468F-96B3-D9C7688DE185}
	EndGlobalSection
EndGlobal
